
Microsoft Visual Studio Solution File, Format Version 12.00
Project("{FAE04EC0-301F-11D3-BF4B-00C04F79EFBC}") = "KfChatDotNetWsClient", "KfChatDotNetWsClient\KfChatDotNetWsClient.csproj", "{B3BC806A-7FFC-47BD-9C18-45CD2B99F9F8}"
EndProject
Project("{FAE04EC0-301F-11D3-BF4B-00C04F79EFBC}") = "KickWsClient", "KickWsClient\KickWsClient.csproj", "{DECBB95C-2C9F-44C2-AFA3-3741986FBA38}"
EndProject
Project("{FAE04EC0-301F-11D3-BF4B-00C04F79EFBC}") = "KfChatDotNetBot", "KfChatDotNetBot\KfChatDotNetBot.csproj", "{4734E0A4-150E-4915-B905-928BB4BE3FF6}"
EndProject
Global
	GlobalSection(SolutionConfigurationPlatforms) = preSolution
		Debug|Any CPU = Debug|Any CPU
		Release|Any CPU = Release|Any CPU
	EndGlobalSection
	GlobalSection(ProjectConfigurationPlatforms) = postSolution
		{B3BC806A-7FFC-47BD-9C18-45CD2B99F9F8}.Debug|Any CPU.ActiveCfg = Debug|Any CPU
		{B3BC806A-7FFC-47BD-9C18-45CD2B99F9F8}.Debug|Any CPU.Build.0 = Debug|Any CPU
		{B3BC806A-7FFC-47BD-9C18-45CD2B99F9F8}.Release|Any CPU.ActiveCfg = Release|Any CPU
		{B3BC806A-7FFC-47BD-9C18-45CD2B99F9F8}.Release|Any CPU.Build.0 = Release|Any CPU
		{DECBB95C-2C9F-44C2-AFA3-3741986FBA38}.Debug|Any CPU.ActiveCfg = Debug|Any CPU
		{DECBB95C-2C9F-44C2-AFA3-3741986FBA38}.Debug|Any CPU.Build.0 = Debug|Any CPU
		{DECBB95C-2C9F-44C2-AFA3-3741986FBA38}.Release|Any CPU.ActiveCfg = Release|Any CPU
		{DECBB95C-2C9F-44C2-AFA3-3741986FBA38}.Release|Any CPU.Build.0 = Release|Any CPU
		{4734E0A4-150E-4915-B905-928BB4BE3FF6}.Debug|Any CPU.ActiveCfg = Debug|Any CPU
		{4734E0A4-150E-4915-B905-928BB4BE3FF6}.Debug|Any CPU.Build.0 = Debug|Any CPU
		{4734E0A4-150E-4915-B905-928BB4BE3FF6}.Release|Any CPU.ActiveCfg = Release|Any CPU
		{4734E0A4-150E-4915-B905-928BB4BE3FF6}.Release|Any CPU.Build.0 = Release|Any CPU
	EndGlobalSection
EndGlobal
